
Microsoft Visual Studio Solution File, Format Version 12.00
# Visual Studio 2012
Project("{FAE04EC0-301F-11D3-BF4B-00C04F79EFBC}") = "Templates.Service", "Templates.Service\Templates.Service.csproj", "{7C43CD4A-7C1D-41F1-BC64-4FA59D26B644}"
EndProject
Project("{2150E333-8FDC-42A3-9474-1A3956D46DE8}") = ".nuget", ".nuget", "{2A228BB5-D05C-4D83-849D-D476EACF0F01}"
	ProjectSection(SolutionItems) = preProject
		.nuget\NuGet.Config = .nuget\NuGet.Config
		.nuget\NuGet.exe = .nuget\NuGet.exe
		.nuget\NuGet.targets = .nuget\NuGet.targets
	EndProjectSection
EndProject
Project("{2150E333-8FDC-42A3-9474-1A3956D46DE8}") = "nuspec", "nuspec", "{0BC099E5-3259-411A-B60C-0D28C7361BB3}"
	ProjectSection(SolutionItems) = preProject
		nuspec\Highway.Onramp.Services.Data.nuspec = nuspec\Highway.Onramp.Services.Data.nuspec
		nuspec\Highway.Onramp.Services.nuspec = nuspec\Highway.Onramp.Services.nuspec
	EndProjectSection
EndProject
Project("{2150E333-8FDC-42A3-9474-1A3956D46DE8}") = "Highway.Onramp.Services.Scripts", "Highway.Onramp.Services.Scripts", "{05BF5510-70CA-4536-B24B-6F0B1827C3C3}"
	ProjectSection(SolutionItems) = preProject
		nuspec\Highway.Onramp.Services.Scripts\Install.ps1 = nuspec\Highway.Onramp.Services.Scripts\Install.ps1
	EndProjectSection
EndProject
Global
	GlobalSection(SolutionConfigurationPlatforms) = preSolution
		Debug|Any CPU = Debug|Any CPU
		Release|Any CPU = Release|Any CPU
	EndGlobalSection
	GlobalSection(ProjectConfigurationPlatforms) = postSolution
		{7C43CD4A-7C1D-41F1-BC64-4FA59D26B644}.Debug|Any CPU.ActiveCfg = Debug|Any CPU
		{7C43CD4A-7C1D-41F1-BC64-4FA59D26B644}.Debug|Any CPU.Build.0 = Debug|Any CPU
		{7C43CD4A-7C1D-41F1-BC64-4FA59D26B644}.Release|Any CPU.ActiveCfg = Release|Any CPU
		{7C43CD4A-7C1D-41F1-BC64-4FA59D26B644}.Release|Any CPU.Build.0 = Release|Any CPU
	EndGlobalSection
	GlobalSection(SolutionProperties) = preSolution
		HideSolutionNode = FALSE
	EndGlobalSection
	GlobalSection(NestedProjects) = preSolution
		{05BF5510-70CA-4536-B24B-6F0B1827C3C3} = {0BC099E5-3259-411A-B60C-0D28C7361BB3}
	EndGlobalSection
EndGlobal
